{
    "_meta": {
        "hash": {
            "sha256": "74add7e137682b81089664c751cbfa7c761210ccfc393d0d691188bd886f8ec0"
        },
        "pipfile-spec": 6,
        "requires": {
            "python_version": "3.7"
        },
        "sources": [
            {
                "name": "pypi",
                "url": "https://pypi.org/simple",
                "verify_ssl": true
            }
        ]
    },
    "default": {
        "certifi": {
            "hashes": [
                "sha256:2bbf76fd432960138b3ef6dda3dde0544f27cbf8546c458e60baf371917ba9ee",
                "sha256:50b1e4f8446b06f41be7dd6338db18e0990601dce795c2b1686458aa7e8fa7d8"
            ],
            "version": "==2021.5.30"
        },
        "chardet": {
            "hashes": [
                "sha256:0d6f53a15db4120f2b08c94f11e7d93d2c911ee118b6b30a04ec3ee8310179fa",
                "sha256:f864054d66fd9118f2e67044ac8981a54775ec5b67aed0441892edb553d21da5"
            ],
            "markers": "python_version >= '2.7' and python_version not in '3.0, 3.1, 3.2, 3.3, 3.4'",
            "version": "==4.0.0"
        },
        "defusedxml": {
            "hashes": [
                "sha256:1bb3032db185915b62d7c6209c5a8792be6a32ab2fedacc84e01b52c51aa3e69",
                "sha256:a352e7e428770286cc899e2542b6cdaedb2b4953ff269a210103ec58f6198a61"
            ],
            "markers": "python_version >= '2.7' and python_version not in '3.0, 3.1, 3.2, 3.3, 3.4'",
            "version": "==0.7.1"
        },
        "django": {
            "hashes": [
                "sha256:3339ff0e03dee13045aef6ae7b523edff75b6d726adf7a7a48f53d5a501f7db7",
                "sha256:f2084ceecff86b1e631c2cd4107d435daf4e12f1efcdf11061a73bf0b5e95f92"
            ],
            "index": "pypi",
            "version": "==2.2.24"
        },
        "django-allauth": {
            "hashes": [
                "sha256:45661b6fe308466154adf54461679fab6f0c6850b10c56dc322fbbb9d47e03d9"
            ],
            "index": "pypi",
            "version": "==0.38.0"
        },
        "idna": {
            "hashes": [
                "sha256:b307872f855b18632ce0c21c5e45be78c0ea7ae4c15c828c20788b26921eb3f6",
                "sha256:b97d804b1e9b523befed77c48dacec60e6dcb0b5391d57af6a65a312a90648c0"
            ],
            "markers": "python_version >= '2.7' and python_version not in '3.0, 3.1, 3.2, 3.3'",
            "version": "==2.10"
        },
        "oauthlib": {
            "hashes": [
                "sha256:42bf6354c2ed8c6acb54d971fce6f88193d97297e18602a3a886603f9d7730cc",
                "sha256:8f0215fcc533dd8dd1bee6f4c412d4f0cd7297307d43ac61666389e3bc3198a3"
            ],
            "markers": "python_version >= '3.6'",
            "version": "==3.1.1"
        },
        "psycopg2": {
            "hashes": [
                "sha256:03e22041bee0611408e6aad49f1bcf4406faeacffdbdc63a0f82cb7bdc5c8326",
                "sha256:064404626947717dd342d5ed7a10affe64154a9a637cb22d502d84fcb39b40a2",
                "sha256:07749db03fa21de99329750675dfd81b9eeed99139a6753485092d84f8371aee",
                "sha256:165da83922b6fc3b027db2aba8bb444bee49af32f95b062e1523c76f605294e9",
                "sha256:255a77a914b7d080359238a99371f23dd77489901cfec718448fa605f5b8dbe8",
                "sha256:27c88e8fcbea1dc3777c676a21b3e6878da2b00624cb62b7f16e85fc27ce4ce5",
                "sha256:28d6f1f400f8d1a4a191116943030e7558c6f51d34b9a4d06581e5d84d0eb75b",
                "sha256:3138f11fccd6e1dc5b357af0d4f5016ed47d5f0ec81a4fb0f82ad8ddd460e903",
                "sha256:49b96b8ef11e0f2016189ba208b5c63495c9b6ac89697eb3db97f40673d8ec65",
                "sha256:4a0d29c44316e57cea3368ca1fd9dbfd82b3973aec77dcb610e487c5632418bc",
                "sha256:4a658550b0bcb259e97f77f2dc93ed6b108fe2eda963a9e6fc8b48040d542ec2",
                "sha256:520cf9576c6b8b45117b6367a155c27668f22860bcc34cbc77e0e52f51ded7c2",
                "sha256:5bc0dc64fb26892b42653dea934f7c0b70361325647e7775528e40813b2c5f4e",
                "sha256:65c123366e35e9068b9c39b6aac27e198d84c9a41bb17fa1ae8d042e0b50f04d",
                "sha256:6c7e4cbc75aac67c32a6e778e215a30b8318371cdc59d7d10550296f11190fcb",
                "sha256:784475327650967505cf92977f51c73b5e908c3e0f79e08a892fdbc10718baf8",
                "sha256:7995bd16a61b31e922bfe3b18be24dfb63c81ec197a46c2504c45e3c5187c6e6",
                "sha256:83890c9ea4e9ae032e298e2ba269660544fc73561431985d38268b3664ad4ef7",
                "sha256:9501dc8412eb8b2881149d8af74a347f4d6ce85d03513be27fd56c3c066bd9dc",
                "sha256:9eea6c03534aebb157a8ced5df70ba0f277d3b936d708c1654d7236e5e20edda",
                "sha256:a32acdd8675e105676f5cf7b0706e2a404ddb6a2f2b8aada7646ed2df981fef6",
                "sha256:bf4090882bb0bfad11033b2c262c47a9ba1cdb145981d94b873a46df69b53cb4",
                "sha256:ca0cf5a443e4d0bb381d5a523fd4f155cb7414ac4c450e7b901cb04e5f59d5ed",
                "sha256:ce503de4a77870dce37365d3fc224c41409f2bf1ee576159430835af4fde1d86",
                "sha256:db48d28badfdd7ea62d71e8420749e66461732fa574063b4f1a1162c3d015049",
                "sha256:db97bc920901745d665ccdcb4c672bf209ad13db5d19d5a1f6110b3785f1bebf",
                "sha256:ed15e97b8fb6ffc791fe12c8050a0c8d84bdf48d436b8c462db3aa1766b236de",
                "sha256:fc73255af56a4bf6151cd516ebd6ac1eabb922c5e44d5b8859c0ca696ba88da7",
                "sha256:fe3471a0bd29595e59a4422ee332bf09ca7e15b1e6800f1b640d1c09c03ef19c",
                "sha256:ff158aed5220b54461019b636a56a85b2af32670804a27f7298dae4bd715902f"
            ],
            "index": "pypi",
            "version": "==2.7.6"
        },
        "python3-openid": {
            "hashes": [
                "sha256:33fbf6928f401e0b790151ed2b5290b02545e8775f982485205a066f874aaeaf",
                "sha256:6626f771e0417486701e0b4daff762e7212e820ca5b29fcc0d05f6f8736dfa6b"
            ],
            "version": "==3.2.0"
        },
        "pytz": {
            "hashes": [
                "sha256:83a4a90894bf38e243cf052c8b58f381bfe9a7a483f6a9cab140bc7f702ac4da",
                "sha256:eb10ce3e7736052ed3623d49975ce333bcd712c7bb19a58b9e2089d4057d0798"
            ],
            "version": "==2021.1"
        },
        "requests": {
            "hashes": [
                "sha256:27973dd4a904a4f13b263a19c866c13b92a39ed1c964655f025f3f8d3d75b804",
                "sha256:c210084e36a42ae6b9219e00e48287def368a26d03a048ddad7bfee44f75871e"
            ],
            "markers": "python_version >= '2.7' and python_version not in '3.0, 3.1, 3.2, 3.3, 3.4'",
            "version": "==2.25.1"
        },
        "requests-oauthlib": {
            "hashes": [
                "sha256:7f71572defaecd16372f9006f33c2ec8c077c3cfa6f5911a9a90202beb513f3d",
                "sha256:b4261601a71fd721a8bd6d7aa1cc1d6a8a93b4a9f5e96626f8e4d91e8beeaa6a",
                "sha256:fa6c47b933f01060936d87ae9327fead68768b69c6c9ea2109c48be30f2d4dbc"
            ],
            "version": "==1.3.0"
        },
        "sqlparse": {
            "hashes": [
                "sha256:017cde379adbd6a1f15a61873f43e8274179378e95ef3fede90b5aa64d304ed0",
                "sha256:0f91fd2e829c44362cbcfab3e9ae12e22badaa8a29ad5ff599f9ec109f0454e8"
            ],
            "markers": "python_version >= '3.5'",
            "version": "==0.4.1"
        },
        "urllib3": {
            "hashes": [
                "sha256:753a0374df26658f99d826cfe40394a686d05985786d946fbe4165b5148f5a7c",
                "sha256:a7acd0977125325f516bda9735fa7142b909a8d01e8b2e4c8108d0984e6e0098"
            ],
            "markers": "python_version >= '2.7' and python_version not in '3.0, 3.1, 3.2, 3.3, 3.4' and python_version < '4'",
            "version": "==1.26.5"
        }
    },
    "develop": {}
}
